// !$*UTF8*$!
{
	archiveVersion = 1;
	classes = {
	};
	objectVersion = 56;
	objects = {

/* Begin PBXBuildFile section */
		DF23D8372B8C03550072191A /* DietTrackerApp.swift in Sources */ = {isa = PBXBuildFile; fileRef = DF23D8362B8C03550072191A /* DietTrackerApp.swift */; };
		DF23D8392B8C03550072191A /* ContentView.swift in Sources */ = {isa = PBXBuildFile; fileRef = DF23D8382B8C03550072191A /* ContentView.swift */; };
		DF23D83B2B8C03560072191A /* Assets.xcassets in Resources */ = {isa = PBXBuildFile; fileRef = DF23D83A2B8C03560072191A /* Assets.xcassets */; };
		DF23D83E2B8C03560072191A /* Preview Assets.xcassets in Resources */ = {isa = PBXBuildFile; fileRef = DF23D83D2B8C03560072191A /* Preview Assets.xcassets */; };
		DF23D8452B8C10AE0072191A /* LeafyGreensView.swift in Sources */ = {isa = PBXBuildFile; fileRef = DF23D8442B8C10AE0072191A /* LeafyGreensView.swift */; };
		DF23D8472B8C10BB0072191A /* FruitsView.swift in Sources */ = {isa = PBXBuildFile; fileRef = DF23D8462B8C10BB0072191A /* FruitsView.swift */; };
		DF23D8492B8C10C50072191A /* WaterTracker.swift in Sources */ = {isa = PBXBuildFile; fileRef = DF23D8482B8C10C50072191A /* WaterTracker.swift */; };
		DFC6FE4C2B91845600DFADB5 /* Component-Background.swift in Sources */ = {isa = PBXBuildFile; fileRef = DFC6FE4B2B91845600DFADB5 /* Component-Background.swift */; };
		DFC6FE4E2B9209E000DFADB5 /* Component-FillImage.swift in Sources */ = {isa = PBXBuildFile; fileRef = DFC6FE4D2B9209E000DFADB5 /* Component-FillImage.swift */; };
/* End PBXBuildFile section */

/* Begin PBXFileReference section */
		DF23D8332B8C03550072191A /* DietTracker.app */ = {isa = PBXFileReference; explicitFileType = wrapper.application; includeInIndex = 0; path = DietTracker.app; sourceTree = BUILT_PRODUCTS_DIR; };
		DF23D8362B8C03550072191A /* DietTrackerApp.swift */ = {isa = PBXFileReference; lastKnownFileType = sourcecode.swift; path = DietTrackerApp.swift; sourceTree = "<group>"; };
		DF23D8382B8C03550072191A /* ContentView.swift */ = {isa = PBXFileReference; lastKnownFileType = sourcecode.swift; path = ContentView.swift; sourceTree = "<group>"; };
		DF23D83A2B8C03560072191A /* Assets.xcassets */ = {isa = PBXFileReference; lastKnownFileType = folder.assetcatalog; path = Assets.xcassets; sourceTree = "<group>"; };
		DF23D83D2B8C03560072191A /* Preview Assets.xcassets */ = {isa = PBXFileReference; lastKnownFileType = folder.assetcatalog; path = "Preview Assets.xcassets"; sourceTree = "<group>"; };
		DF23D8442B8C10AE0072191A /* LeafyGreensView.swift */ = {isa = PBXFileReference; lastKnownFileType = sourcecode.swift; path = LeafyGreensView.swift; sourceTree = "<group>"; };
		DF23D8462B8C10BB0072191A /* FruitsView.swift */ = {isa = PBXFileReference; lastKnownFileType = sourcecode.swift; path = FruitsView.swift; sourceTree = "<group>"; };
		DF23D8482B8C10C50072191A /* WaterTracker.swift */ = {isa = PBXFileReference; lastKnownFileType = sourcecode.swift; path = WaterTracker.swift; sourceTree = "<group>"; };
		DFC6FE4B2B91845600DFADB5 /* Component-Background.swift */ = {isa = PBXFileReference; lastKnownFileType = sourcecode.swift; path = "Component-Background.swift"; sourceTree = "<group>"; };
		DFC6FE4D2B9209E000DFADB5 /* Component-FillImage.swift */ = {isa = PBXFileReference; lastKnownFileType = sourcecode.swift; path = "Component-FillImage.swift"; sourceTree = "<group>"; };
/* End PBXFileReference section */

/* Begin PBXFrameworksBuildPhase section */
		DF23D8302B8C03550072191A /* Frameworks */ = {
			isa = PBXFrameworksBuildPhase;
			buildActionMask = 2147483647;
			files = (
			);
			runOnlyForDeploymentPostprocessing = 0;
		};
/* End PBXFrameworksBuildPhase section */

/* Begin PBXGroup section */
		DF23D82A2B8C03550072191A = {
			isa = PBXGroup;
			children = (
				DF23D8352B8C03550072191A /* DietTracker */,
				DF23D8342B8C03550072191A /* Products */,
			);
			sourceTree = "<group>";
		};
		DF23D8342B8C03550072191A /* Products */ = {
			isa = PBXGroup;
			children = (
				DF23D8332B8C03550072191A /* DietTracker.app */,
			);
			name = Products;
			sourceTree = "<group>";
		};
		DF23D8352B8C03550072191A /* DietTracker */ = {
			isa = PBXGroup;
			children = (
				DF23D8362B8C03550072191A /* DietTrackerApp.swift */,
				DF23D8442B8C10AE0072191A /* LeafyGreensView.swift */,
				DF23D8462B8C10BB0072191A /* FruitsView.swift */,
				DF23D8482B8C10C50072191A /* WaterTracker.swift */,
				DFC6FE4B2B91845600DFADB5 /* Component-Background.swift */,
				DFC6FE4D2B9209E000DFADB5 /* Component-FillImage.swift */,
				DF23D8382B8C03550072191A /* ContentView.swift */,
				DF23D83A2B8C03560072191A /* Assets.xcassets */,
				DF23D83C2B8C03560072191A /* Preview Content */,
			);
			path = DietTracker;
			sourceTree = "<group>";
		};
		DF23D83C2B8C03560072191A /* Preview Content */ = {
			isa = PBXGroup;
			children = (
				DF23D83D2B8C03560072191A /* Preview Assets.xcassets */,
			);
			path = "Preview Content";
			sourceTree = "<group>";
		};
/* End PBXGroup section */

/* Begin PBXNativeTarget section */
		DF23D8322B8C03550072191A /* DietTracker */ = {
			isa = PBXNativeTarget;
			buildConfigurationList = DF23D8412B8C03560072191A /* Build configuration list for PBXNativeTarget "DietTracker" */;
			buildPhases = (
				DF23D82F2B8C03550072191A /* Sources */,
				DF23D8302B8C03550072191A /* Frameworks */,
				DF23D8312B8C03550072191A /* Resources */,
			);
			buildRules = (
			);
			dependencies = (
			);
			name = DietTracker;
			productName = DietTracker;
			productReference = DF23D8332B8C03550072191A /* DietTracker.app */;
			productType = "com.apple.product-type.application";
		};
/* End PBXNativeTarget section */

/* Begin PBXProject section */
		DF23D82B2B8C03550072191A /* Project object */ = {
			isa = PBXProject;
			attributes = {
				BuildIndependentTargetsInParallel = 1;
				LastSwiftUpdateCheck = 1510;
				LastUpgradeCheck = 1510;
				TargetAttributes = {
					DF23D8322B8C03550072191A = {
						CreatedOnToolsVersion = 15.1;
					};
				};
			};
			buildConfigurationList = DF23D82E2B8C03550072191A /* Build configuration list for PBXProject "DietTracker" */;
			compatibilityVersion = "Xcode 14.0";
			developmentRegion = en;
			hasScannedForEncodings = 0;
			knownRegions = (
				en,
				Base,
			);
			mainGroup = DF23D82A2B8C03550072191A;
			productRefGroup = DF23D8342B8C03550072191A /* Products */;
			projectDirPath = "";
			projectRoot = "";
			targets = (
				DF23D8322B8C03550072191A /* DietTracker */,
			);
		};
/* End PBXProject section */

/* Begin PBXResourcesBuildPhase section */
		DF23D8312B8C03550072191A /* Resources */ = {
			isa = PBXResourcesBuildPhase;
			buildActionMask = 2147483647;
			files = (
				DF23D83E2B8C03560072191A /* Preview Assets.xcassets in Resources */,
				DF23D83B2B8C03560072191A /* Assets.xcassets in Resources */,
			);
			runOnlyForDeploymentPostprocessing = 0;
		};
/* End PBXResourcesBuildPhase section */

/* Begin PBXSourcesBuildPhase section */
		DF23D82F2B8C03550072191A /* Sources */ = {
			isa = PBXSourcesBuildPhase;
			buildActionMask = 2147483647;
			files = (
				DF23D8452B8C10AE0072191A /* LeafyGreensView.swift in Sources */,
				DFC6FE4C2B91845600DFADB5 /* Component-Background.swift in Sources */,
				DF23D8392B8C03550072191A /* ContentView.swift in Sources */,
				DFC6FE4E2B9209E000DFADB5 /* Component-FillImage.swift in Sources */,
				DF23D8492B8C10C50072191A /* WaterTracker.swift in Sources */,
				DF23D8372B8C03550072191A /* DietTrackerApp.swift in Sources */,
				DF23D8472B8C10BB0072191A /* FruitsView.swift in Sources */,
			);
			runOnlyForDeploymentPostprocessing = 0;
		};
/* End PBXSourcesBuildPhase section */

/* Begin XCBuildConfiguration section */
		DF23D83F2B8C03560072191A /* Debug */ = {
			isa = XCBuildConfiguration;
			buildSettings = {
				ALWAYS_SEARCH_USER_PATHS = NO;
				ASSETCATALOG_COMPILER_GENERATE_SWIFT_ASSET_SYMBOL_EXTENSIONS = YES;
				CLANG_ANALYZER_NONNULL = YES;
				CLANG_ANALYZER_NUMBER_OBJECT_CONVERSION = YES_AGGRESSIVE;
				CLANG_CXX_LANGUAGE_STANDARD = "gnu++20";
				CLANG_ENABLE_MODULES = YES;
				CLANG_ENABLE_OBJC_ARC = YES;
				CLANG_ENABLE_OBJC_WEAK = YES;
				CLANG_WARN_BLOCK_CAPTURE_AUTORELEASING = YES;
				CLANG_WARN_BOOL_CONVERSION = YES;
				CLANG_WARN_COMMA = YES;
				CLANG_WARN_CONSTANT_CONVERSION = YES;
				CLANG_WARN_DEPRECATED_OBJC_IMPLEMENTATIONS = YES;
				CLANG_WARN_DIRECT_OBJC_ISA_USAGE = YES_ERROR;
				CLANG_WARN_DOCUMENTATION_COMMENTS = YES;
				CLANG_WARN_EMPTY_BODY = YES;
				CLANG_WARN_ENUM_CONVERSION = YES;
				CLANG_WARN_INFINITE_RECURSION = YES;
				CLANG_WARN_INT_CONVERSION = YES;
				CLANG_WARN_NON_LITERAL_NULL_CONVERSION = YES;
				CLANG_WARN_OBJC_IMPLICIT_RETAIN_SELF = YES;
				CLANG_WARN_OBJC_LITERAL_CONVERSION = YES;
				CLANG_WARN_OBJC_ROOT_CLASS = YES_ERROR;
				CLANG_WARN_QUOTED_INCLUDE_IN_FRAMEWORK_HEADER = YES;
				CLANG_WARN_RANGE_LOOP_ANALYSIS = YES;
				CLANG_WARN_STRICT_PROTOTYPES = YES;
				CLANG_WARN_SUSPICIOUS_MOVE = YES;
				CLANG_WARN_UNGUARDED_AVAILABILITY = YES_AGGRESSIVE;
				CLANG_WARN_UNREACHABLE_CODE = YES;
				CLANG_WARN__DUPLICATE_METHOD_MATCH = YES;
				COPY_PHASE_STRIP = NO;
				DEBUG_INFORMATION_FORMAT = dwarf;
				ENABLE_STRICT_OBJC_MSGSEND = YES;
				ENABLE_TESTABILITY = YES;
				ENABLE_USER_SCRIPT_SANDBOXING = YES;
				GCC_C_LANGUAGE_STANDARD = gnu17;
				GCC_DYNAMIC_NO_PIC = NO;
				GCC_NO_COMMON_BLOCKS = YES;
				GCC_OPTIMIZATION_LEVEL = 0;
				GCC_PREPROCESSOR_DEFINITIONS = (
					"DEBUG=1",
					"$(inherited)",
				);
				GCC_WARN_64_TO_32_BIT_CONVERSION = YES;
				GCC_WARN_ABOUT_RETURN_TYPE = YES_ERROR;
				GCC_WARN_UNDECLARED_SELECTOR = YES;
				GCC_WARN_UNINITIALIZED_AUTOS = YES_AGGRESSIVE;
				GCC_WARN_UNUSED_FUNCTION = YES;
				GCC_WARN_UNUSED_VARIABLE = YES;
				IPHONEOS_DEPLOYMENT_TARGET = 17.2;
				LOCALIZATION_PREFERS_STRING_CATALOGS = YES;
				MTL_ENABLE_DEBUG_INFO = INCLUDE_SOURCE;
				MTL_FAST_MATH = YES;
				ONLY_ACTIVE_ARCH = YES;
				SDKROOT = iphoneos;
				SWIFT_ACTIVE_COMPILATION_CONDITIONS = "DEBUG $(inherited)";
				SWIFT_OPTIMIZATION_LEVEL = "-Onone";
			};
			name = Debug;
		};
		DF23D8402B8C03560072191A /* Release */ = {
			isa = XCBuildConfiguration;
			buildSettings = {
				ALWAYS_SEARCH_USER_PATHS = NO;
				ASSETCATALOG_COMPILER_GENERATE_SWIFT_ASSET_SYMBOL_EXTENSIONS = YES;
				CLANG_ANALYZER_NONNULL = YES;
				CLANG_ANALYZER_NUMBER_OBJECT_CONVERSION = YES_AGGRESSIVE;
				CLANG_CXX_LANGUAGE_STANDARD = "gnu++20";
				CLANG_ENABLE_MODULES = YES;
				CLANG_ENABLE_OBJC_ARC = YES;
				CLANG_ENABLE_OBJC_WEAK = YES;
				CLANG_WARN_BLOCK_CAPTURE_AUTORELEASING = YES;
				CLANG_WARN_BOOL_CONVERSION = YES;
				CLANG_WARN_COMMA = YES;
				CLANG_WARN_CONSTANT_CONVERSION = YES;
				CLANG_WARN_DEPRECATED_OBJC_IMPLEMENTATIONS = YES;
				CLANG_WARN_DIRECT_OBJC_ISA_USAGE = YES_ERROR;
				CLANG_WARN_DOCUMENTATION_COMMENTS = YES;
				CLANG_WARN_EMPTY_BODY = YES;
				CLANG_WARN_ENUM_CONVERSION = YES;
				CLANG_WARN_INFINITE_RECURSION = YES;
				CLANG_WARN_INT_CONVERSION = YES;
				CLANG_WARN_NON_LITERAL_NULL_CONVERSION = YES;
				CLANG_WARN_OBJC_IMPLICIT_RETAIN_SELF = YES;
				CLANG_WARN_OBJC_LITERAL_CONVERSION = YES;
				CLANG_WARN_OBJC_ROOT_CLASS = YES_ERROR;
				CLANG_WARN_QUOTED_INCLUDE_IN_FRAMEWORK_HEADER = YES;
				CLANG_WARN_RANGE_LOOP_ANALYSIS = YES;
				CLANG_WARN_STRICT_PROTOTYPES = YES;
				CLANG_WARN_SUSPICIOUS_MOVE = YES;
				CLANG_WARN_UNGUARDED_AVAILABILITY = YES_AGGRESSIVE;
				CLANG_WARN_UNREACHABLE_CODE = YES;
				CLANG_WARN__DUPLICATE_METHOD_MATCH = YES;
				COPY_PHASE_STRIP = NO;
				DEBUG_INFORMATION_FORMAT = "dwarf-with-dsym";
				ENABLE_NS_ASSERTIONS = NO;
				ENABLE_STRICT_OBJC_MSGSEND = YES;
				ENABLE_USER_SCRIPT_SANDBOXING = YES;
				GCC_C_LANGUAGE_STANDARD = gnu17;
				GCC_NO_COMMON_BLOCKS = YES;
				GCC_WARN_64_TO_32_BIT_CONVERSION = YES;
				GCC_WARN_ABOUT_RETURN_TYPE = YES_ERROR;
				GCC_WARN_UNDECLARED_SELECTOR = YES;
				GCC_WARN_UNINITIALIZED_AUTOS = YES_AGGRESSIVE;
				GCC_WARN_UNUSED_FUNCTION = YES;
				GCC_WARN_UNUSED_VARIABLE = YES;
				IPHONEOS_DEPLOYMENT_TARGET = 17.2;
				LOCALIZATION_PREFERS_STRING_CATALOGS = YES;
				MTL_ENABLE_DEBUG_INFO = NO;
				MTL_FAST_MATH = YES;
				SDKROOT = iphoneos;
				SWIFT_COMPILATION_MODE = wholemodule;
				VALIDATE_PRODUCT = YES;
			};
			name = Release;
		};
		DF23D8422B8C03560072191A /* Debug */ = {
			isa = XCBuildConfiguration;
			buildSettings = {
				ASSETCATALOG_COMPILER_APPICON_NAME = AppIcon;
				ASSETCATALOG_COMPILER_GLOBAL_ACCENT_COLOR_NAME = AccentColor;
				CODE_SIGN_STYLE = Automatic;
				CURRENT_PROJECT_VERSION = 1;
				DEVELOPMENT_ASSET_PATHS = "\"DietTracker/Preview Content\"";
				DEVELOPMENT_TEAM = Q73WC8F3KU;
				ENABLE_PREVIEWS = YES;
				GENERATE_INFOPLIST_FILE = YES;
				INFOPLIST_KEY_UIApplicationSceneManifest_Generation = YES;
				INFOPLIST_KEY_UIApplicationSupportsIndirectInputEvents = YES;
				INFOPLIST_KEY_UILaunchScreen_Generation = YES;
				INFOPLIST_KEY_UISupportedInterfaceOrientations_iPad = "UIInterfaceOrientationPortrait UIInterfaceOrientationPortraitUpsideDown UIInterfaceOrientationLandscapeLeft UIInterfaceOrientationLandscapeRight";
				INFOPLIST_KEY_UISupportedInterfaceOrientations_iPhone = "UIInterfaceOrientationPortrait UIInterfaceOrientationLandscapeLeft UIInterfaceOrientationLandscapeRight";
				LD_RUNPATH_SEARCH_PATHS = (
					"$(inherited)",
					"@executable_path/Frameworks",
				);
				MARKETING_VERSION = 1.0;
				PRODUCT_BUNDLE_IDENTIFIER = com.fishpeopleapps.DietTracker;
				PRODUCT_NAME = "$(TARGET_NAME)";
				SWIFT_EMIT_LOC_STRINGS = YES;
				SWIFT_VERSION = 5.0;
				TARGETED_DEVICE_FAMILY = "1,2";
			};
			name = Debug;
		};
		DF23D8432B8C03560072191A /* Release */ = {
			isa = XCBuildConfiguration;
			buildSettings = {
				ASSETCATALOG_COMPILER_APPICON_NAME = AppIcon;
				ASSETCATALOG_COMPILER_GLOBAL_ACCENT_COLOR_NAME = AccentColor;
				CODE_SIGN_STYLE = Automatic;
				CURRENT_PROJECT_VERSION = 1;
				DEVELOPMENT_ASSET_PATHS = "\"DietTracker/Preview Content\"";
				DEVELOPMENT_TEAM = Q73WC8F3KU;
				ENABLE_PREVIEWS = YES;
				GENERATE_INFOPLIST_FILE = YES;
				INFOPLIST_KEY_UIApplicationSceneManifest_Generation = YES;
				INFOPLIST_KEY_UIApplicationSupportsIndirectInputEvents = YES;
				INFOPLIST_KEY_UILaunchScreen_Generation = YES;
				INFOPLIST_KEY_UISupportedInterfaceOrientations_iPad = "UIInterfaceOrientationPortrait UIInterfaceOrientationPortraitUpsideDown UIInterfaceOrientationLandscapeLeft UIInterfaceOrientationLandscapeRight";
				INFOPLIST_KEY_UISupportedInterfaceOrientations_iPhone = "UIInterfaceOrientationPortrait UIInterfaceOrientationLandscapeLeft UIInterfaceOrientationLandscapeRight";
				LD_RUNPATH_SEARCH_PATHS = (
					"$(inherited)",
					"@executable_path/Frameworks",
				);
				MARKETING_VERSION = 1.0;
				PRODUCT_BUNDLE_IDENTIFIER = com.fishpeopleapps.DietTracker;
				PRODUCT_NAME = "$(TARGET_NAME)";
				SWIFT_EMIT_LOC_STRINGS = YES;
				SWIFT_VERSION = 5.0;
				TARGETED_DEVICE_FAMILY = "1,2";
			};
			name = Release;
		};
/* End XCBuildConfiguration section */

/* Begin XCConfigurationList section */
		DF23D82E2B8C03550072191A /* Build configuration list for PBXProject "DietTracker" */ = {
			isa = XCConfigurationList;
			buildConfigurations = (
				DF23D83F2B8C03560072191A /* Debug */,
				DF23D8402B8C03560072191A /* Release */,
			);
			defaultConfigurationIsVisible = 0;
			defaultConfigurationName = Release;
		};
		DF23D8412B8C03560072191A /* Build configuration list for PBXNativeTarget "DietTracker" */ = {
			isa = XCConfigurationList;
			buildConfigurations = (
				DF23D8422B8C03560072191A /* Debug */,
				DF23D8432B8C03560072191A /* Release */,
			);
			defaultConfigurationIsVisible = 0;
			defaultConfigurationName = Release;
		};
/* End XCConfigurationList section */
	};
	rootObject = DF23D82B2B8C03550072191A /* Project object */;
}
